
Microsoft Visual Studio Solution File, Format Version 12.00
# Visual Studio Version 17
VisualStudioVersion = 17.12.35209.166
MinimumVisualStudioVersion = 10.0.40219.1
Project("{FAE04EC0-301F-11D3-BF4B-00C04F79EFBC}") = "Laba1_C#", "Laba1_C#.csproj", "{AFFD35EE-C812-4F80-BD40-F4455881164C}"
EndProject
Global
	GlobalSection(SolutionConfigurationPlatforms) = preSolution
		Debug|Any CPU = Debug|Any CPU
		Release|Any CPU = Release|Any CPU
	EndGlobalSection
	GlobalSection(ProjectConfigurationPlatforms) = postSolution
		{AFFD35EE-C812-4F80-BD40-F4455881164C}.Debug|Any CPU.ActiveCfg = Debug|Any CPU
		{AFFD35EE-C812-4F80-BD40-F4455881164C}.Debug|Any CPU.Build.0 = Debug|Any CPU
		{AFFD35EE-C812-4F80-BD40-F4455881164C}.Release|Any CPU.ActiveCfg = Release|Any CPU
		{AFFD35EE-C812-4F80-BD40-F4455881164C}.Release|Any CPU.Build.0 = Release|Any CPU
	EndGlobalSection
	GlobalSection(SolutionProperties) = preSolution
		HideSolutionNode = FALSE
	EndGlobalSection
	GlobalSection(ExtensibilityGlobals) = postSolution
		SolutionGuid = {042FAD86-466B-4E45-85F6-A8A8A1EA8558}
	EndGlobalSection
EndGlobal
